<?xml version="1.0" encoding="utf-8"?>
<Project ToolsVersion="4.0" xmlns="http://schemas.microsoft.com/developer/msbuild/2003">
  <ItemGroup>
    <Filter Include="Base">
      <UniqueIdentifier>{8d27438f-c0aa-4188-bcf0-47680e9c0d24}</UniqueIdentifier>
    </Filter>
    <Filter Include="Util">
      <UniqueIdentifier>{7ef0805b-18d1-4ed8-bc1d-33c7318281c2}</UniqueIdentifier>
    </Filter>
    <Filter Include="Core">
      <UniqueIdentifier>{2f164ddc-cb11-4079-8d10-34ae40609a1e}</UniqueIdentifier>
    </Filter>
    <Filter Include="Core\Console">
      <UniqueIdentifier>{bbce8a80-267a-48e6-aece-3dccd01a9492}</UniqueIdentifier>
    </Filter>
    <Filter Include="Core\Timer">
      <UniqueIdentifier>{048a7a6a-dde6-43b9-ad24-2bbc1fd75ede}</UniqueIdentifier>
    </Filter>
    <Filter Include="Core\Menu">
      <UniqueIdentifier>{f19f337f-e9df-4c6c-a514-5540b3f5e4f6}</UniqueIdentifier>
    </Filter>
    <Filter Include="Core\Game">
      <UniqueIdentifier>{e66a3e9d-1423-4fff-ad32-b4107228c652}</UniqueIdentifier>
    </Filter>
    <Filter Include="Core\Math">
      <UniqueIdentifier>{2a7548d6-0a98-46d4-96f1-56f901066a58}</UniqueIdentifier>
    </Filter>
    <Filter Include="Core\Game\Component">
      <UniqueIdentifier>{43c1a22f-32f4-4522-b843-010b609582e8}</UniqueIdentifier>
    </Filter>
    <Filter Include="Core\Game\Composite">
      <UniqueIdentifier>{bbffb91e-ee53-48a3-9b58-07ff93707e40}</UniqueIdentifier>
    </Filter>
    <Filter Include="Core\Game\Interface">
      <UniqueIdentifier>{43e0041e-2880-4a68-a4aa-17e29d1c0179}</UniqueIdentifier>
    </Filter>
    <Filter Include="Core\Game\Component\RenderComponent">
      <UniqueIdentifier>{b8f6d6b8-455b-4078-9c07-cc1a4e9b2cde}</UniqueIdentifier>
    </Filter>
    <Filter Include="Core\Command">
      <UniqueIdentifier>{be6b6cbf-d0ab-4560-bc9f-0676206560b4}</UniqueIdentifier>
    </Filter>
    <Filter Include="Core\ObjectPool">
      <UniqueIdentifier>{1e8fc264-4410-45fe-a287-03ea4f5f15c5}</UniqueIdentifier>
    </Filter>
    <Filter Include="Core\Game\Component\CollisionComponent">
      <UniqueIdentifier>{c6875bc6-52a6-4a33-b7ea-bce420199cef}</UniqueIdentifier>
    </Filter>
    <Filter Include="Core\Game\Composite\Unit">
      <UniqueIdentifier>{d3907f84-7373-4bb9-a948-0abc0837af19}</UniqueIdentifier>
    </Filter>
    <Filter Include="Core\Game\Composite\Effect">
      <UniqueIdentifier>{ada13f50-509a-4d88-804a-7cbeab6da786}</UniqueIdentifier>
    </Filter>
    <Filter Include="Core\Game\Composite\Unit\Missile">
      <UniqueIdentifier>{3c2d36d6-3a3b-4703-9eb9-dab4f1809f78}</UniqueIdentifier>
    </Filter>
    <Filter Include="Core\Game\Interface\Component">
      <UniqueIdentifier>{ac99254c-cc6c-4938-adad-5428575ab6ad}</UniqueIdentifier>
    </Filter>
    <Filter Include="Core\Game\Interface\Object">
      <UniqueIdentifier>{2284b036-94d2-49b8-abe4-fbcaa4e6751a}</UniqueIdentifier>
    </Filter>
    <Filter Include="Core\Game\Composite\Unit\LinkUnit">
      <UniqueIdentifier>{3448cbc9-4f3c-4d64-9ad9-c84f75f28f37}</UniqueIdentifier>
    </Filter>
  </ItemGroup>
  <ItemGroup>
    <Text Include="ReadMe.txt" />
  </ItemGroup>
  <ItemGroup>
    <ClInclude Include="Util\Macros.h">
      <Filter>Util</Filter>
    </ClInclude>
    <ClInclude Include="Base\stdafx.h">
      <Filter>Base</Filter>
    </ClInclude>
    <ClInclude Include="Base\targetver.h">
      <Filter>Base</Filter>
    </ClInclude>
    <ClInclude Include="Core\Timer\Timer.h">
      <Filter>Core\Timer</Filter>
    </ClInclude>
    <ClInclude Include="Core\Console\Console.h">
      <Filter>Core\Console</Filter>
    </ClInclude>
    <ClInclude Include="Core\Menu\Menu.h">
      <Filter>Core\Menu</Filter>
    </ClInclude>
    <ClInclude Include="Util\AssertPack.h">
      <Filter>Util</Filter>
    </ClInclude>
    <ClInclude Include="Core\Game\GameManager.h">
      <Filter>Core\Game</Filter>
    </ClInclude>
    <ClInclude Include="Core\Console\Color.hpp">
      <Filter>Core\Console</Filter>
    </ClInclude>
    <ClInclude Include="Base\BaseInclude.h">
      <Filter>Base</Filter>
    </ClInclude>
    <ClInclude Include="Core\Math\Vec2.h">
      <Filter>Core\Math</Filter>
    </ClInclude>
    <ClInclude Include="Core\Game\Composite\GameObject.h">
      <Filter>Core\Game\Composite</Filter>
    </ClInclude>
    <ClInclude Include="Core\Game\Interface\IComponent.h">
      <Filter>Core\Game\Interface</Filter>
    </ClInclude>
    <ClInclude Include="Core\Game\Component\RenderComponent\CmdRenderComponent.h">
      <Filter>Core\Game\Component\RenderComponent</Filter>
    </ClInclude>
    <ClInclude Include="Core\Command\Command.h">
      <Filter>Core\Command</Filter>
    </ClInclude>
    <ClInclude Include="Core\Console\Coord.h">
      <Filter>Core\Console</Filter>
    </ClInclude>
    <ClInclude Include="Core\Console\Shape.h">
      <Filter>Core\Console</Filter>
    </ClInclude>
    <ClInclude Include="Core\Game\Scheduler.h">
      <Filter>Core\Game</Filter>
    </ClInclude>
    <ClInclude Include="Core\ObjectPool\ObjectPool.h">
      <Filter>Core\ObjectPool</Filter>
    </ClInclude>
    <ClInclude Include="Core\Game\Composite\CompositeBase.h">
      <Filter>Core\Game\Composite</Filter>
    </ClInclude>
    <ClInclude Include="Core\Game\Component\CollisionComponent\CollisionComponent.h">
      <Filter>Core\Game\Component\CollisionComponent</Filter>
    </ClInclude>
    <ClInclude Include="Core\Game\Section.h">
      <Filter>Core\Game</Filter>
    </ClInclude>
    <ClInclude Include="Core\Game\Skill.h">
      <Filter>Core\Game</Filter>
    </ClInclude>
    <ClInclude Include="Core\Game\Composite\Unit\Unit.h">
      <Filter>Core\Game\Composite\Unit</Filter>
    </ClInclude>
    <ClInclude Include="Core\Game\Interface\IObject.h">
      <Filter>Core\Game\Interface</Filter>
    </ClInclude>
    <ClInclude Include="Core\Game\Interface\Object\ICollisionObject.h">
      <Filter>Core\Game\Interface\Object</Filter>
    </ClInclude>
    <ClInclude Include="Core\Game\Interface\Object\IRenderObject.h">
      <Filter>Core\Game\Interface\Object</Filter>
    </ClInclude>
    <ClInclude Include="Core\Game\Interface\Component\ICollisionComponent.h">
      <Filter>Core\Game\Interface\Component</Filter>
    </ClInclude>
    <ClInclude Include="Core\Game\Interface\Component\IRenderComponent.h">
      <Filter>Core\Game\Interface\Component</Filter>
    </ClInclude>
    <ClInclude Include="Core\Game\Interface\Object\IGameObject.h">
      <Filter>Core\Game\Interface\Object</Filter>
    </ClInclude>
    <ClInclude Include="Core\Game\Interface\IGame.h">
      <Filter>Core\Game\Interface</Filter>
    </ClInclude>
    <ClInclude Include="Core\Game\Composite\Effect\Effect.h">
      <Filter>Core\Game\Composite\Effect</Filter>
    </ClInclude>
    <ClInclude Include="Core\Game\EffectManager.h">
      <Filter>Core\Game</Filter>
    </ClInclude>
    <ClInclude Include="Core\Game\Composite\Unit\Missile\Missile.h">
      <Filter>Core\Game\Composite\Unit\Missile</Filter>
    </ClInclude>
    <ClInclude Include="Core\Console\ConsoleImpl.hpp">
      <Filter>Core\Console</Filter>
    </ClInclude>
    <ClInclude Include="Core\Game\Composite\GameObjectImpl.hpp">
      <Filter>Core\Game\Composite</Filter>
    </ClInclude>
    <ClInclude Include="Core\Game\EffectManagerImpl.hpp">
      <Filter>Core\Game</Filter>
    </ClInclude>
    <ClInclude Include="Core\Game\GameManagerImpl.hpp">
      <Filter>Core\Game</Filter>
    </ClInclude>
    <ClInclude Include="Core\Game\SectionImpl.hpp">
      <Filter>Core\Game</Filter>
    </ClInclude>
    <ClInclude Include="Core\Game\Composite\Unit\LinkUnit\LinkedUnit.h">
      <Filter>Core\Game\Composite\Unit\LinkUnit</Filter>
    </ClInclude>
    <ClInclude Include="Core\Game\Camera.h">
      <Filter>Core\Game</Filter>
    </ClInclude>
  </ItemGroup>
  <ItemGroup>
    <ClCompile Include="Base\stdafx.cpp">
      <Filter>Base</Filter>
    </ClCompile>
    <ClCompile Include="Core\Timer\Timer.cpp">
      <Filter>Core\Timer</Filter>
    </ClCompile>
    <ClCompile Include="Core\Console\Console.cpp">
      <Filter>Core\Console</Filter>
    </ClCompile>
    <ClCompile Include="Core\Menu\Menu.cpp">
      <Filter>Core\Menu</Filter>
    </ClCompile>
    <ClCompile Include="Util\AssertPack.cpp">
      <Filter>Util</Filter>
    </ClCompile>
    <ClCompile Include="Core\Game\GameManager.cpp">
      <Filter>Core\Game</Filter>
    </ClCompile>
    <ClCompile Include="Core\Math\Vec2.cpp">
      <Filter>Core\Math</Filter>
    </ClCompile>
    <ClCompile Include="Core\Game\Composite\GameObject.cpp">
      <Filter>Core\Game\Composite</Filter>
    </ClCompile>
    <ClCompile Include="Core\Game\Component\RenderComponent\CmdRenderComponent.cpp">
      <Filter>Core\Game\Component\RenderComponent</Filter>
    </ClCompile>
    <ClCompile Include="Core\Command\Command.cpp">
      <Filter>Core\Command</Filter>
    </ClCompile>
    <ClCompile Include="Core\Console\Coord.cpp">
      <Filter>Core\Console</Filter>
    </ClCompile>
    <ClCompile Include="Core\Console\Shape.cpp">
      <Filter>Core\Console</Filter>
    </ClCompile>
    <ClCompile Include="Core\Game\Scheduler.cpp">
      <Filter>Core\Game</Filter>
    </ClCompile>
    <ClCompile Include="Core\ObjectPool\ObjectPool.cpp">
      <Filter>Core\ObjectPool</Filter>
    </ClCompile>
    <ClCompile Include="Core\Game\Composite\CompositeBase.cpp">
      <Filter>Core\Game\Composite</Filter>
    </ClCompile>
    <ClCompile Include="Core\Game\Component\CollisionComponent\CollisionComponent.cpp">
      <Filter>Core\Game\Component\CollisionComponent</Filter>
    </ClCompile>
    <ClCompile Include="Core\Game\Section.cpp">
      <Filter>Core\Game</Filter>
    </ClCompile>
    <ClCompile Include="Core\Game\Skill.cpp">
      <Filter>Core\Game</Filter>
    </ClCompile>
    <ClCompile Include="Core\Game\Composite\Unit\Unit.cpp">
      <Filter>Core\Game\Composite\Unit</Filter>
    </ClCompile>
    <ClCompile Include="Core\Game\Composite\Unit\Missile\Missile.cpp">
      <Filter>Core\Game\Composite\Unit\Missile</Filter>
    </ClCompile>
    <ClCompile Include="Core\Game\Interface\Component\ICollisionComponent.cpp">
      <Filter>Core\Game\Interface\Component</Filter>
    </ClCompile>
    <ClCompile Include="Core\Game\Interface\Component\IRenderComponent.cpp">
      <Filter>Core\Game\Interface\Component</Filter>
    </ClCompile>
    <ClCompile Include="Core\Game\Composite\Effect\Effect.cpp">
      <Filter>Core\Game\Composite\Effect</Filter>
    </ClCompile>
    <ClCompile Include="Core\Game\EffectManager.cpp">
      <Filter>Core\Game</Filter>
    </ClCompile>
    <ClCompile Include="Core\Game\Composite\Unit\LinkUnit\LinkedUnit.cpp">
      <Filter>Core\Game\Composite\Unit\LinkUnit</Filter>
    </ClCompile>
    <ClCompile Include="Core\Game\Camera.cpp">
      <Filter>Core\Game</Filter>
    </ClCompile>
  </ItemGroup>
  <ItemGroup>
    <None Include="Util\AssertPack.inl">
      <Filter>Util</Filter>
    </None>
    <None Include="Core\Game\GameManager.inl">
      <Filter>Core\Game</Filter>
    </None>
    <None Include="Core\Command\Command.inl">
      <Filter>Core\Command</Filter>
    </None>
    <None Include="Core\Game\Composite\CompositeBase.inl">
      <Filter>Core\Game\Composite</Filter>
    </None>
  </ItemGroup>
</Project>