<?xml version="1.0" encoding="utf-8"?>
<Project ToolsVersion="4.0" xmlns="http://schemas.microsoft.com/developer/msbuild/2003">
  <ItemGroup>
    <Text Include="ReadMe.txt" />
  </ItemGroup>
  <ItemGroup>
    <ClInclude Include="Base\stdafx.h">
      <Filter>Base</Filter>
    </ClInclude>
    <ClInclude Include="Base\targetver.h">
      <Filter>Base</Filter>
    </ClInclude>
    <ClInclude Include="Game\Game.h">
      <Filter>Game</Filter>
    </ClInclude>
    <ClInclude Include="Game\GameObject\Dummy.h">
      <Filter>Game\GameObject</Filter>
    </ClInclude>
    <ClInclude Include="Game\GameObject\Unit.h">
      <Filter>Game\GameObject</Filter>
    </ClInclude>
    <ClInclude Include="Game\GameObject\Unit\Hero.h">
      <Filter>Game\GameObject\Unit</Filter>
    </ClInclude>
    <ClInclude Include="Game\GameObject\Unit\Mob.h">
      <Filter>Game\GameObject\Unit</Filter>
    </ClInclude>
    <ClInclude Include="Game\Skill.h">
      <Filter>Game</Filter>
    </ClInclude>
    <ClInclude Include="Game\GameObject\Effect.h">
      <Filter>Game\GameObject</Filter>
    </ClInclude>
    <ClInclude Include="Game\GameObject\Unit\Missile.h">
      <Filter>Game\GameObject\Unit</Filter>
    </ClInclude>
  </ItemGroup>
  <ItemGroup>
    <ClCompile Include="Base\stdafx.cpp">
      <Filter>Base</Filter>
    </ClCompile>
    <ClCompile Include="Base\main.cpp">
      <Filter>Base</Filter>
    </ClCompile>
    <ClCompile Include="Game\Game.cpp">
      <Filter>Game</Filter>
    </ClCompile>
    <ClCompile Include="Game\GameObject\Dummy.cpp">
      <Filter>Game\GameObject</Filter>
    </ClCompile>
    <ClCompile Include="Game\GameObject\Unit.cpp">
      <Filter>Game\GameObject</Filter>
    </ClCompile>
    <ClCompile Include="Game\GameObject\Unit\Hero.cpp">
      <Filter>Game\GameObject\Unit</Filter>
    </ClCompile>
    <ClCompile Include="Game\GameObject\Unit\Mob.cpp">
      <Filter>Game\GameObject\Unit</Filter>
    </ClCompile>
    <ClCompile Include="Game\GameObject\Unit\Missile.cpp">
      <Filter>Game\GameObject\Unit</Filter>
    </ClCompile>
    <ClCompile Include="Game\Skill.cpp">
      <Filter>Game</Filter>
    </ClCompile>
    <ClCompile Include="Game\GameObject\Effect.cpp">
      <Filter>Game\GameObject</Filter>
    </ClCompile>
  </ItemGroup>
  <ItemGroup>
    <Filter Include="Base">
      <UniqueIdentifier>{862fc5ef-0a80-4580-b967-bdee8824e426}</UniqueIdentifier>
    </Filter>
    <Filter Include="Game">
      <UniqueIdentifier>{51b631fb-c3ed-4225-af41-fe5739430894}</UniqueIdentifier>
    </Filter>
    <Filter Include="Game\GameObject">
      <UniqueIdentifier>{03195cb5-6c1a-40b5-a41e-2575d50e3e3d}</UniqueIdentifier>
    </Filter>
    <Filter Include="Game\GameObject\Unit">
      <UniqueIdentifier>{3765c486-1023-4c08-a7e0-2cabc942f96f}</UniqueIdentifier>
    </Filter>
    <Filter Include="Game\Component">
      <UniqueIdentifier>{88ead016-2853-4bd4-b319-75420312a764}</UniqueIdentifier>
    </Filter>
  </ItemGroup>
  <ItemGroup>
    <None Include="Game\GameObject\Unit.inl">
      <Filter>Game\GameObject</Filter>
    </None>
  </ItemGroup>
</Project>