<?xml version="1.0" encoding="utf-8"?>
<Project ToolsVersion="4.0" xmlns="http://schemas.microsoft.com/developer/msbuild/2003">
  <ItemGroup>
    <Filter Include="Base">
      <UniqueIdentifier>{4a73483e-f730-400f-b43f-84ac4041793d}</UniqueIdentifier>
    </Filter>
    <Filter Include="Game">
      <UniqueIdentifier>{d95b630a-70d5-49db-ab4b-0c2be82e585e}</UniqueIdentifier>
    </Filter>
    <Filter Include="Base\Console">
      <UniqueIdentifier>{810099e7-56c2-485d-9389-2bbbebbd7fdc}</UniqueIdentifier>
    </Filter>
    <Filter Include="Base\Timer">
      <UniqueIdentifier>{4e888752-23b9-424b-85f8-de1c13585fc2}</UniqueIdentifier>
    </Filter>
    <Filter Include="Base\GameManager">
      <UniqueIdentifier>{f51a288f-0971-42d4-be2d-99ce5176f376}</UniqueIdentifier>
    </Filter>
    <Filter Include="Game\GameA">
      <UniqueIdentifier>{fbd14c6f-d7db-4b67-9c10-1ed6f6ab0073}</UniqueIdentifier>
    </Filter>
    <Filter Include="Base\Menu">
      <UniqueIdentifier>{24c44a95-d291-4cfc-9975-03a340494a2a}</UniqueIdentifier>
    </Filter>
    <Filter Include="Base\Command">
      <UniqueIdentifier>{9896beae-62ed-4021-a7f4-9dfa3473fbba}</UniqueIdentifier>
    </Filter>
    <Filter Include="Util">
      <UniqueIdentifier>{b3d4d737-16e7-48dc-b3e5-96ae024ea80d}</UniqueIdentifier>
    </Filter>
  </ItemGroup>
  <ItemGroup>
    <Text Include="ReadMe.txt" />
  </ItemGroup>
  <ItemGroup>
    <ClInclude Include="stdafx.h">
      <Filter>Base</Filter>
    </ClInclude>
    <ClInclude Include="targetver.h">
      <Filter>Base</Filter>
    </ClInclude>
    <ClInclude Include="Console.h">
      <Filter>Base\Console</Filter>
    </ClInclude>
    <ClInclude Include="Timer.h">
      <Filter>Base\Timer</Filter>
    </ClInclude>
    <ClInclude Include="GameManager.h">
      <Filter>Base\GameManager</Filter>
    </ClInclude>
    <ClInclude Include="GameA.h">
      <Filter>Game\GameA</Filter>
    </ClInclude>
    <ClInclude Include="Menu.h">
      <Filter>Base\Menu</Filter>
    </ClInclude>
    <ClInclude Include="Command.h">
      <Filter>Base\Command</Filter>
    </ClInclude>
    <ClInclude Include="AssertPack.h">
      <Filter>Util</Filter>
    </ClInclude>
    <ClInclude Include="GameBase.h">
      <Filter>Game</Filter>
    </ClInclude>
    <ClInclude Include="Color.hpp">
      <Filter>Base\Console</Filter>
    </ClInclude>
  </ItemGroup>
  <ItemGroup>
    <ClCompile Include="stdafx.cpp">
      <Filter>Base</Filter>
    </ClCompile>
    <ClCompile Include="main.cpp">
      <Filter>Base</Filter>
    </ClCompile>
    <ClCompile Include="Console.cpp">
      <Filter>Base\Console</Filter>
    </ClCompile>
    <ClCompile Include="Timer.cpp">
      <Filter>Base\Timer</Filter>
    </ClCompile>
    <ClCompile Include="GameManager.cpp">
      <Filter>Base\GameManager</Filter>
    </ClCompile>
    <ClCompile Include="GameA.cpp">
      <Filter>Game\GameA</Filter>
    </ClCompile>
    <ClCompile Include="Menu.cpp">
      <Filter>Base\Menu</Filter>
    </ClCompile>
    <ClCompile Include="Command.cpp">
      <Filter>Base\Command</Filter>
    </ClCompile>
    <ClCompile Include="AssertPack.cpp">
      <Filter>Util</Filter>
    </ClCompile>
    <ClCompile Include="GameBase.cpp">
      <Filter>Game</Filter>
    </ClCompile>
  </ItemGroup>
  <ItemGroup>
    <None Include="Console.inl">
      <Filter>Base\Console</Filter>
    </None>
    <None Include="Timer.inl">
      <Filter>Base\Timer</Filter>
    </None>
    <None Include="AssertPack.inl">
      <Filter>Util</Filter>
    </None>
  </ItemGroup>
</Project>