<?xml version="1.0" encoding="utf-8"?>
<Project ToolsVersion="4.0" xmlns="http://schemas.microsoft.com/developer/msbuild/2003">
  <ItemGroup>
    <Text Include="ReadMe.txt" />
  </ItemGroup>
  <ItemGroup>
    <ClInclude Include="stdafx.h" />
    <ClInclude Include="targetver.h" />
    <ClInclude Include="Game.h" />
    <ClInclude Include="Unit.h" />
    <ClInclude Include="Mob.h" />
    <ClInclude Include="Dummy.h" />
  </ItemGroup>
  <ItemGroup>
    <ClCompile Include="main.cpp" />
    <ClCompile Include="stdafx.cpp" />
    <ClCompile Include="Game.cpp" />
    <ClCompile Include="Unit.cpp" />
    <ClCompile Include="Mob.cpp" />
    <ClCompile Include="Dummy.cpp" />
  </ItemGroup>
</Project>